
Microsoft Visual Studio Solution File, Format Version 12.00
Project("{FAE04EC0-301F-11D3-BF4B-00C04F79EFBC}") = "Game Theory FYP", "Game Theory FYP.csproj", "{38269F35-F286-4555-8DBD-B9D57900F95A}"
EndProject
Global
	GlobalSection(SolutionConfigurationPlatforms) = preSolution
		Debug|Any CPU = Debug|Any CPU
		Release|Any CPU = Release|Any CPU
	EndGlobalSection
	GlobalSection(ProjectConfigurationPlatforms) = postSolution
		{38269F35-F286-4555-8DBD-B9D57900F95A}.Debug|Any CPU.ActiveCfg = Debug|Any CPU
		{38269F35-F286-4555-8DBD-B9D57900F95A}.Debug|Any CPU.Build.0 = Debug|Any CPU
		{38269F35-F286-4555-8DBD-B9D57900F95A}.Release|Any CPU.ActiveCfg = Release|Any CPU
		{38269F35-F286-4555-8DBD-B9D57900F95A}.Release|Any CPU.Build.0 = Release|Any CPU
	EndGlobalSection
EndGlobal
